{
  "name": "productivityApp",
  "lockfileVersion": 3,
  "requires": true,
  "packages": {
    "": {
      "dependencies": {
        "nodemailer": "^7.0.5",
        "short-unique-id": "^5.3.2"
      }
    },
    "node_modules/nodemailer": {
      "version": "7.0.5",
      "resolved": "https://registry.npmjs.org/nodemailer/-/nodemailer-7.0.5.tgz",
      "integrity": "sha512-nsrh2lO3j4GkLLXoeEksAMgAOqxOv6QumNRVQTJwKH4nuiww6iC2y7GyANs9kRAxCexg3+lTWM3PZ91iLlVjfg==",
      "engines": {
        "node": ">=6.0.0"
      }
    },
    "node_modules/short-unique-id": {
      "version": "5.3.2",
      "resolved": "https://registry.npmjs.org/short-unique-id/-/short-unique-id-5.3.2.tgz",
      "integrity": "sha512-KRT/hufMSxXKEDSQujfVE0Faa/kZ51ihUcZQAcmP04t00DvPj7Ox5anHke1sJYUtzSuiT/Y5uyzg/W7bBEGhCg==",
      "bin": {
        "short-unique-id": "bin/short-unique-id",
        "suid": "bin/short-unique-id"
      }
    }
  }
}
